
Microsoft Visual Studio Solution File, Format Version 12.00
# Visual Studio 15
VisualStudioVersion = 15.0.27004.2005
MinimumVisualStudioVersion = 10.0.40219.1
Project("{FAE04EC0-301F-11D3-BF4B-00C04F79EFBC}") = "FriendOrganizer.UI", "FriendOrganizer.UI\FriendOrganizer.UI.csproj", "{CA48623A-2D3D-496D-A155-0665AF4FDF46}"
EndProject
Project("{FAE04EC0-301F-11D3-BF4B-00C04F79EFBC}") = "FriendOrganizer.DataAccess", "FriendOrganizer.DataAccess\FriendOrganizer.DataAccess.csproj", "{6C17D62C-222F-49E6-A4A7-6D5E98B9D5D8}"
EndProject
Project("{FAE04EC0-301F-11D3-BF4B-00C04F79EFBC}") = "FriendOrganizer.Model", "FriendOrganizer.Model\FriendOrganizer.Model.csproj", "{39B5FDB6-D734-4E2C-8037-40FE83FB6252}"
EndProject
Global
	GlobalSection(SolutionConfigurationPlatforms) = preSolution
		Debug|Any CPU = Debug|Any CPU
		Release|Any CPU = Release|Any CPU
	EndGlobalSection
	GlobalSection(ProjectConfigurationPlatforms) = postSolution
		{CA48623A-2D3D-496D-A155-0665AF4FDF46}.Debug|Any CPU.ActiveCfg = Debug|Any CPU
		{CA48623A-2D3D-496D-A155-0665AF4FDF46}.Debug|Any CPU.Build.0 = Debug|Any CPU
		{CA48623A-2D3D-496D-A155-0665AF4FDF46}.Release|Any CPU.ActiveCfg = Release|Any CPU
		{CA48623A-2D3D-496D-A155-0665AF4FDF46}.Release|Any CPU.Build.0 = Release|Any CPU
		{6C17D62C-222F-49E6-A4A7-6D5E98B9D5D8}.Debug|Any CPU.ActiveCfg = Debug|Any CPU
		{6C17D62C-222F-49E6-A4A7-6D5E98B9D5D8}.Debug|Any CPU.Build.0 = Debug|Any CPU
		{6C17D62C-222F-49E6-A4A7-6D5E98B9D5D8}.Release|Any CPU.ActiveCfg = Release|Any CPU
		{6C17D62C-222F-49E6-A4A7-6D5E98B9D5D8}.Release|Any CPU.Build.0 = Release|Any CPU
		{39B5FDB6-D734-4E2C-8037-40FE83FB6252}.Debug|Any CPU.ActiveCfg = Debug|Any CPU
		{39B5FDB6-D734-4E2C-8037-40FE83FB6252}.Debug|Any CPU.Build.0 = Debug|Any CPU
		{39B5FDB6-D734-4E2C-8037-40FE83FB6252}.Release|Any CPU.ActiveCfg = Release|Any CPU
		{39B5FDB6-D734-4E2C-8037-40FE83FB6252}.Release|Any CPU.Build.0 = Release|Any CPU
	EndGlobalSection
	GlobalSection(SolutionProperties) = preSolution
		HideSolutionNode = FALSE
	EndGlobalSection
	GlobalSection(ExtensibilityGlobals) = postSolution
		SolutionGuid = {03E3527D-93B5-4F70-A1B7-EAA7AF139AF0}
	EndGlobalSection
EndGlobal
